
Microsoft Visual Studio Solution File, Format Version 12.00
# Visual Studio 14
VisualStudioVersion = 14.0.23107.0
MinimumVisualStudioVersion = 10.0.40219.1
Project("{FAE04EC0-301F-11D3-BF4B-00C04F79EFBC}") = "LoginFrame", "LoginFrame\LoginFrame.csproj", "{D480BF83-7462-4032-9ABC-B91BDE914522}"
EndProject
Project("{FAE04EC0-301F-11D3-BF4B-00C04F79EFBC}") = "Model", "Model\Model.csproj", "{FD2F917D-F2FF-4162-B93D-CD7F4B7A3E3D}"
EndProject
Project("{FAE04EC0-301F-11D3-BF4B-00C04F79EFBC}") = "BLL", "BLL\BLL.csproj", "{31F34CE9-AB8B-49EE-81D5-125F35CC6DF2}"
EndProject
Project("{FAE04EC0-301F-11D3-BF4B-00C04F79EFBC}") = "DAL", "DAL\DAL.csproj", "{27BC9362-D5EF-40BD-B3B4-5AC4F29EE07B}"
EndProject
Project("{FAE04EC0-301F-11D3-BF4B-00C04F79EFBC}") = "MysqlInstallProj", "MysqlInstallProj\MysqlInstallProj.csproj", "{F2B05FCE-B648-4D2D-B9CF-5DBD58CF07D1}"
EndProject
Project("{6141683F-8A12-4E36-9623-2EB02B2C2303}") = "Setup4", "Setup4\Setup4.isproj", "{3CCA6A23-EE78-4E74-8BCE-DE68845FE998}"
EndProject
Global
	GlobalSection(SolutionConfigurationPlatforms) = preSolution
		CD_ROM|Any CPU = CD_ROM|Any CPU
		CD_ROM|Mixed Platforms = CD_ROM|Mixed Platforms
		CD_ROM|x86 = CD_ROM|x86
		Debug|Any CPU = Debug|Any CPU
		Debug|Mixed Platforms = Debug|Mixed Platforms
		Debug|x86 = Debug|x86
		DVD-5|Any CPU = DVD-5|Any CPU
		DVD-5|Mixed Platforms = DVD-5|Mixed Platforms
		DVD-5|x86 = DVD-5|x86
		Release|Any CPU = Release|Any CPU
		Release|Mixed Platforms = Release|Mixed Platforms
		Release|x86 = Release|x86
		SingleImage|Any CPU = SingleImage|Any CPU
		SingleImage|Mixed Platforms = SingleImage|Mixed Platforms
		SingleImage|x86 = SingleImage|x86
	EndGlobalSection
	GlobalSection(ProjectConfigurationPlatforms) = postSolution
		{D480BF83-7462-4032-9ABC-B91BDE914522}.CD_ROM|Any CPU.ActiveCfg = Release|x86
		{D480BF83-7462-4032-9ABC-B91BDE914522}.CD_ROM|Any CPU.Build.0 = Release|x86
		{D480BF83-7462-4032-9ABC-B91BDE914522}.CD_ROM|Mixed Platforms.ActiveCfg = Release|x86
		{D480BF83-7462-4032-9ABC-B91BDE914522}.CD_ROM|Mixed Platforms.Build.0 = Release|x86
		{D480BF83-7462-4032-9ABC-B91BDE914522}.CD_ROM|x86.ActiveCfg = Release|x86
		{D480BF83-7462-4032-9ABC-B91BDE914522}.CD_ROM|x86.Build.0 = Release|x86
		{D480BF83-7462-4032-9ABC-B91BDE914522}.Debug|Any CPU.ActiveCfg = Debug|x86
		{D480BF83-7462-4032-9ABC-B91BDE914522}.Debug|Mixed Platforms.ActiveCfg = Debug|x86
		{D480BF83-7462-4032-9ABC-B91BDE914522}.Debug|Mixed Platforms.Build.0 = Debug|x86
		{D480BF83-7462-4032-9ABC-B91BDE914522}.Debug|x86.ActiveCfg = Debug|x86
		{D480BF83-7462-4032-9ABC-B91BDE914522}.Debug|x86.Build.0 = Debug|x86
		{D480BF83-7462-4032-9ABC-B91BDE914522}.DVD-5|Any CPU.ActiveCfg = Release|x86
		{D480BF83-7462-4032-9ABC-B91BDE914522}.DVD-5|Any CPU.Build.0 = Release|x86
		{D480BF83-7462-4032-9ABC-B91BDE914522}.DVD-5|Mixed Platforms.ActiveCfg = Debug|x86
		{D480BF83-7462-4032-9ABC-B91BDE914522}.DVD-5|Mixed Platforms.Build.0 = Debug|x86
		{D480BF83-7462-4032-9ABC-B91BDE914522}.DVD-5|x86.ActiveCfg = Debug|x86
		{D480BF83-7462-4032-9ABC-B91BDE914522}.DVD-5|x86.Build.0 = Debug|x86
		{D480BF83-7462-4032-9ABC-B91BDE914522}.Release|Any CPU.ActiveCfg = Release|x86
		{D480BF83-7462-4032-9ABC-B91BDE914522}.Release|Mixed Platforms.ActiveCfg = Release|x86
		{D480BF83-7462-4032-9ABC-B91BDE914522}.Release|Mixed Platforms.Build.0 = Release|x86
		{D480BF83-7462-4032-9ABC-B91BDE914522}.Release|x86.ActiveCfg = Release|x86
		{D480BF83-7462-4032-9ABC-B91BDE914522}.Release|x86.Build.0 = Release|x86
		{D480BF83-7462-4032-9ABC-B91BDE914522}.SingleImage|Any CPU.ActiveCfg = Release|x86
		{D480BF83-7462-4032-9ABC-B91BDE914522}.SingleImage|Any CPU.Build.0 = Release|x86
		{D480BF83-7462-4032-9ABC-B91BDE914522}.SingleImage|Mixed Platforms.ActiveCfg = Release|x86
		{D480BF83-7462-4032-9ABC-B91BDE914522}.SingleImage|Mixed Platforms.Build.0 = Release|x86
		{D480BF83-7462-4032-9ABC-B91BDE914522}.SingleImage|x86.ActiveCfg = Release|x86
		{D480BF83-7462-4032-9ABC-B91BDE914522}.SingleImage|x86.Build.0 = Release|x86
		{FD2F917D-F2FF-4162-B93D-CD7F4B7A3E3D}.CD_ROM|Any CPU.ActiveCfg = Release|Any CPU
		{FD2F917D-F2FF-4162-B93D-CD7F4B7A3E3D}.CD_ROM|Any CPU.Build.0 = Release|Any CPU
		{FD2F917D-F2FF-4162-B93D-CD7F4B7A3E3D}.CD_ROM|Mixed Platforms.ActiveCfg = Release|Any CPU
		{FD2F917D-F2FF-4162-B93D-CD7F4B7A3E3D}.CD_ROM|Mixed Platforms.Build.0 = Release|Any CPU
		{FD2F917D-F2FF-4162-B93D-CD7F4B7A3E3D}.CD_ROM|x86.ActiveCfg = Release|Any CPU
		{FD2F917D-F2FF-4162-B93D-CD7F4B7A3E3D}.CD_ROM|x86.Build.0 = Release|Any CPU
		{FD2F917D-F2FF-4162-B93D-CD7F4B7A3E3D}.Debug|Any CPU.ActiveCfg = Debug|Any CPU
		{FD2F917D-F2FF-4162-B93D-CD7F4B7A3E3D}.Debug|Any CPU.Build.0 = Debug|Any CPU
		{FD2F917D-F2FF-4162-B93D-CD7F4B7A3E3D}.Debug|Mixed Platforms.ActiveCfg = Debug|Any CPU
		{FD2F917D-F2FF-4162-B93D-CD7F4B7A3E3D}.Debug|Mixed Platforms.Build.0 = Debug|Any CPU
		{FD2F917D-F2FF-4162-B93D-CD7F4B7A3E3D}.Debug|x86.ActiveCfg = Debug|Any CPU
		{FD2F917D-F2FF-4162-B93D-CD7F4B7A3E3D}.DVD-5|Any CPU.ActiveCfg = Debug|Any CPU
		{FD2F917D-F2FF-4162-B93D-CD7F4B7A3E3D}.DVD-5|Any CPU.Build.0 = Debug|Any CPU
		{FD2F917D-F2FF-4162-B93D-CD7F4B7A3E3D}.DVD-5|Mixed Platforms.ActiveCfg = Debug|Any CPU
		{FD2F917D-F2FF-4162-B93D-CD7F4B7A3E3D}.DVD-5|Mixed Platforms.Build.0 = Debug|Any CPU
		{FD2F917D-F2FF-4162-B93D-CD7F4B7A3E3D}.DVD-5|x86.ActiveCfg = Debug|Any CPU
		{FD2F917D-F2FF-4162-B93D-CD7F4B7A3E3D}.DVD-5|x86.Build.0 = Debug|Any CPU
		{FD2F917D-F2FF-4162-B93D-CD7F4B7A3E3D}.Release|Any CPU.ActiveCfg = Release|Any CPU
		{FD2F917D-F2FF-4162-B93D-CD7F4B7A3E3D}.Release|Any CPU.Build.0 = Release|Any CPU
		{FD2F917D-F2FF-4162-B93D-CD7F4B7A3E3D}.Release|Mixed Platforms.ActiveCfg = Release|Any CPU
		{FD2F917D-F2FF-4162-B93D-CD7F4B7A3E3D}.Release|Mixed Platforms.Build.0 = Release|Any CPU
		{FD2F917D-F2FF-4162-B93D-CD7F4B7A3E3D}.Release|x86.ActiveCfg = Release|Any CPU
		{FD2F917D-F2FF-4162-B93D-CD7F4B7A3E3D}.SingleImage|Any CPU.ActiveCfg = Release|Any CPU
		{FD2F917D-F2FF-4162-B93D-CD7F4B7A3E3D}.SingleImage|Any CPU.Build.0 = Release|Any CPU
		{FD2F917D-F2FF-4162-B93D-CD7F4B7A3E3D}.SingleImage|Mixed Platforms.ActiveCfg = Release|Any CPU
		{FD2F917D-F2FF-4162-B93D-CD7F4B7A3E3D}.SingleImage|Mixed Platforms.Build.0 = Release|Any CPU
		{FD2F917D-F2FF-4162-B93D-CD7F4B7A3E3D}.SingleImage|x86.ActiveCfg = Release|Any CPU
		{FD2F917D-F2FF-4162-B93D-CD7F4B7A3E3D}.SingleImage|x86.Build.0 = Release|Any CPU
		{31F34CE9-AB8B-49EE-81D5-125F35CC6DF2}.CD_ROM|Any CPU.ActiveCfg = Release|Any CPU
		{31F34CE9-AB8B-49EE-81D5-125F35CC6DF2}.CD_ROM|Any CPU.Build.0 = Release|Any CPU
		{31F34CE9-AB8B-49EE-81D5-125F35CC6DF2}.CD_ROM|Mixed Platforms.ActiveCfg = Release|Any CPU
		{31F34CE9-AB8B-49EE-81D5-125F35CC6DF2}.CD_ROM|Mixed Platforms.Build.0 = Release|Any CPU
		{31F34CE9-AB8B-49EE-81D5-125F35CC6DF2}.CD_ROM|x86.ActiveCfg = Release|Any CPU
		{31F34CE9-AB8B-49EE-81D5-125F35CC6DF2}.CD_ROM|x86.Build.0 = Release|Any CPU
		{31F34CE9-AB8B-49EE-81D5-125F35CC6DF2}.Debug|Any CPU.ActiveCfg = Debug|Any CPU
		{31F34CE9-AB8B-49EE-81D5-125F35CC6DF2}.Debug|Any CPU.Build.0 = Debug|Any CPU
		{31F34CE9-AB8B-49EE-81D5-125F35CC6DF2}.Debug|Mixed Platforms.ActiveCfg = Debug|Any CPU
		{31F34CE9-AB8B-49EE-81D5-125F35CC6DF2}.Debug|Mixed Platforms.Build.0 = Debug|Any CPU
		{31F34CE9-AB8B-49EE-81D5-125F35CC6DF2}.Debug|x86.ActiveCfg = Debug|Any CPU
		{31F34CE9-AB8B-49EE-81D5-125F35CC6DF2}.DVD-5|Any CPU.ActiveCfg = Debug|Any CPU
		{31F34CE9-AB8B-49EE-81D5-125F35CC6DF2}.DVD-5|Any CPU.Build.0 = Debug|Any CPU
		{31F34CE9-AB8B-49EE-81D5-125F35CC6DF2}.DVD-5|Mixed Platforms.ActiveCfg = Debug|Any CPU
		{31F34CE9-AB8B-49EE-81D5-125F35CC6DF2}.DVD-5|Mixed Platforms.Build.0 = Debug|Any CPU
		{31F34CE9-AB8B-49EE-81D5-125F35CC6DF2}.DVD-5|x86.ActiveCfg = Debug|Any CPU
		{31F34CE9-AB8B-49EE-81D5-125F35CC6DF2}.DVD-5|x86.Build.0 = Debug|Any CPU
		{31F34CE9-AB8B-49EE-81D5-125F35CC6DF2}.Release|Any CPU.ActiveCfg = Release|Any CPU
		{31F34CE9-AB8B-49EE-81D5-125F35CC6DF2}.Release|Any CPU.Build.0 = Release|Any CPU
		{31F34CE9-AB8B-49EE-81D5-125F35CC6DF2}.Release|Mixed Platforms.ActiveCfg = Release|Any CPU
		{31F34CE9-AB8B-49EE-81D5-125F35CC6DF2}.Release|Mixed Platforms.Build.0 = Release|Any CPU
		{31F34CE9-AB8B-49EE-81D5-125F35CC6DF2}.Release|x86.ActiveCfg = Release|Any CPU
		{31F34CE9-AB8B-49EE-81D5-125F35CC6DF2}.SingleImage|Any CPU.ActiveCfg = Release|Any CPU
		{31F34CE9-AB8B-49EE-81D5-125F35CC6DF2}.SingleImage|Any CPU.Build.0 = Release|Any CPU
		{31F34CE9-AB8B-49EE-81D5-125F35CC6DF2}.SingleImage|Mixed Platforms.ActiveCfg = Release|Any CPU
		{31F34CE9-AB8B-49EE-81D5-125F35CC6DF2}.SingleImage|Mixed Platforms.Build.0 = Release|Any CPU
		{31F34CE9-AB8B-49EE-81D5-125F35CC6DF2}.SingleImage|x86.ActiveCfg = Release|Any CPU
		{31F34CE9-AB8B-49EE-81D5-125F35CC6DF2}.SingleImage|x86.Build.0 = Release|Any CPU
		{27BC9362-D5EF-40BD-B3B4-5AC4F29EE07B}.CD_ROM|Any CPU.ActiveCfg = Release|Any CPU
		{27BC9362-D5EF-40BD-B3B4-5AC4F29EE07B}.CD_ROM|Any CPU.Build.0 = Release|Any CPU
		{27BC9362-D5EF-40BD-B3B4-5AC4F29EE07B}.CD_ROM|Mixed Platforms.ActiveCfg = Release|Any CPU
		{27BC9362-D5EF-40BD-B3B4-5AC4F29EE07B}.CD_ROM|Mixed Platforms.Build.0 = Release|Any CPU
		{27BC9362-D5EF-40BD-B3B4-5AC4F29EE07B}.CD_ROM|x86.ActiveCfg = Release|Any CPU
		{27BC9362-D5EF-40BD-B3B4-5AC4F29EE07B}.CD_ROM|x86.Build.0 = Release|Any CPU
		{27BC9362-D5EF-40BD-B3B4-5AC4F29EE07B}.Debug|Any CPU.ActiveCfg = Debug|Any CPU
		{27BC9362-D5EF-40BD-B3B4-5AC4F29EE07B}.Debug|Any CPU.Build.0 = Debug|Any CPU
		{27BC9362-D5EF-40BD-B3B4-5AC4F29EE07B}.Debug|Mixed Platforms.ActiveCfg = Debug|Any CPU
		{27BC9362-D5EF-40BD-B3B4-5AC4F29EE07B}.Debug|Mixed Platforms.Build.0 = Debug|Any CPU
		{27BC9362-D5EF-40BD-B3B4-5AC4F29EE07B}.Debug|x86.ActiveCfg = Debug|Any CPU
		{27BC9362-D5EF-40BD-B3B4-5AC4F29EE07B}.DVD-5|Any CPU.ActiveCfg = Debug|Any CPU
		{27BC9362-D5EF-40BD-B3B4-5AC4F29EE07B}.DVD-5|Any CPU.Build.0 = Debug|Any CPU
		{27BC9362-D5EF-40BD-B3B4-5AC4F29EE07B}.DVD-5|Mixed Platforms.ActiveCfg = Debug|Any CPU
		{27BC9362-D5EF-40BD-B3B4-5AC4F29EE07B}.DVD-5|Mixed Platforms.Build.0 = Debug|Any CPU
		{27BC9362-D5EF-40BD-B3B4-5AC4F29EE07B}.DVD-5|x86.ActiveCfg = Debug|Any CPU
		{27BC9362-D5EF-40BD-B3B4-5AC4F29EE07B}.DVD-5|x86.Build.0 = Debug|Any CPU
		{27BC9362-D5EF-40BD-B3B4-5AC4F29EE07B}.Release|Any CPU.ActiveCfg = Release|Any CPU
		{27BC9362-D5EF-40BD-B3B4-5AC4F29EE07B}.Release|Any CPU.Build.0 = Release|Any CPU
		{27BC9362-D5EF-40BD-B3B4-5AC4F29EE07B}.Release|Mixed Platforms.ActiveCfg = Release|Any CPU
		{27BC9362-D5EF-40BD-B3B4-5AC4F29EE07B}.Release|Mixed Platforms.Build.0 = Release|Any CPU
		{27BC9362-D5EF-40BD-B3B4-5AC4F29EE07B}.Release|x86.ActiveCfg = Release|Any CPU
		{27BC9362-D5EF-40BD-B3B4-5AC4F29EE07B}.SingleImage|Any CPU.ActiveCfg = Release|Any CPU
		{27BC9362-D5EF-40BD-B3B4-5AC4F29EE07B}.SingleImage|Any CPU.Build.0 = Release|Any CPU
		{27BC9362-D5EF-40BD-B3B4-5AC4F29EE07B}.SingleImage|Mixed Platforms.ActiveCfg = Release|Any CPU
		{27BC9362-D5EF-40BD-B3B4-5AC4F29EE07B}.SingleImage|Mixed Platforms.Build.0 = Release|Any CPU
		{27BC9362-D5EF-40BD-B3B4-5AC4F29EE07B}.SingleImage|x86.ActiveCfg = Release|Any CPU
		{27BC9362-D5EF-40BD-B3B4-5AC4F29EE07B}.SingleImage|x86.Build.0 = Release|Any CPU
		{F2B05FCE-B648-4D2D-B9CF-5DBD58CF07D1}.CD_ROM|Any CPU.ActiveCfg = Release|Any CPU
		{F2B05FCE-B648-4D2D-B9CF-5DBD58CF07D1}.CD_ROM|Any CPU.Build.0 = Release|Any CPU
		{F2B05FCE-B648-4D2D-B9CF-5DBD58CF07D1}.CD_ROM|Mixed Platforms.ActiveCfg = Release|Any CPU
		{F2B05FCE-B648-4D2D-B9CF-5DBD58CF07D1}.CD_ROM|Mixed Platforms.Build.0 = Release|Any CPU
		{F2B05FCE-B648-4D2D-B9CF-5DBD58CF07D1}.CD_ROM|x86.ActiveCfg = Release|Any CPU
		{F2B05FCE-B648-4D2D-B9CF-5DBD58CF07D1}.CD_ROM|x86.Build.0 = Release|Any CPU
		{F2B05FCE-B648-4D2D-B9CF-5DBD58CF07D1}.Debug|Any CPU.ActiveCfg = Debug|Any CPU
		{F2B05FCE-B648-4D2D-B9CF-5DBD58CF07D1}.Debug|Any CPU.Build.0 = Debug|Any CPU
		{F2B05FCE-B648-4D2D-B9CF-5DBD58CF07D1}.Debug|Mixed Platforms.ActiveCfg = Debug|Any CPU
		{F2B05FCE-B648-4D2D-B9CF-5DBD58CF07D1}.Debug|Mixed Platforms.Build.0 = Debug|Any CPU
		{F2B05FCE-B648-4D2D-B9CF-5DBD58CF07D1}.Debug|x86.ActiveCfg = Debug|Any CPU
		{F2B05FCE-B648-4D2D-B9CF-5DBD58CF07D1}.Debug|x86.Build.0 = Debug|Any CPU
		{F2B05FCE-B648-4D2D-B9CF-5DBD58CF07D1}.DVD-5|Any CPU.ActiveCfg = Debug|Any CPU
		{F2B05FCE-B648-4D2D-B9CF-5DBD58CF07D1}.DVD-5|Any CPU.Build.0 = Debug|Any CPU
		{F2B05FCE-B648-4D2D-B9CF-5DBD58CF07D1}.DVD-5|Mixed Platforms.ActiveCfg = Debug|Any CPU
		{F2B05FCE-B648-4D2D-B9CF-5DBD58CF07D1}.DVD-5|Mixed Platforms.Build.0 = Debug|Any CPU
		{F2B05FCE-B648-4D2D-B9CF-5DBD58CF07D1}.DVD-5|x86.ActiveCfg = Debug|Any CPU
		{F2B05FCE-B648-4D2D-B9CF-5DBD58CF07D1}.DVD-5|x86.Build.0 = Debug|Any CPU
		{F2B05FCE-B648-4D2D-B9CF-5DBD58CF07D1}.Release|Any CPU.ActiveCfg = Release|Any CPU
		{F2B05FCE-B648-4D2D-B9CF-5DBD58CF07D1}.Release|Any CPU.Build.0 = Release|Any CPU
		{F2B05FCE-B648-4D2D-B9CF-5DBD58CF07D1}.Release|Mixed Platforms.ActiveCfg = Release|Any CPU
		{F2B05FCE-B648-4D2D-B9CF-5DBD58CF07D1}.Release|Mixed Platforms.Build.0 = Release|Any CPU
		{F2B05FCE-B648-4D2D-B9CF-5DBD58CF07D1}.Release|x86.ActiveCfg = Release|Any CPU
		{F2B05FCE-B648-4D2D-B9CF-5DBD58CF07D1}.Release|x86.Build.0 = Release|Any CPU
		{F2B05FCE-B648-4D2D-B9CF-5DBD58CF07D1}.SingleImage|Any CPU.ActiveCfg = Release|Any CPU
		{F2B05FCE-B648-4D2D-B9CF-5DBD58CF07D1}.SingleImage|Any CPU.Build.0 = Release|Any CPU
		{F2B05FCE-B648-4D2D-B9CF-5DBD58CF07D1}.SingleImage|Mixed Platforms.ActiveCfg = Release|Any CPU
		{F2B05FCE-B648-4D2D-B9CF-5DBD58CF07D1}.SingleImage|Mixed Platforms.Build.0 = Release|Any CPU
		{F2B05FCE-B648-4D2D-B9CF-5DBD58CF07D1}.SingleImage|x86.ActiveCfg = Release|Any CPU
		{F2B05FCE-B648-4D2D-B9CF-5DBD58CF07D1}.SingleImage|x86.Build.0 = Release|Any CPU
		{3CCA6A23-EE78-4E74-8BCE-DE68845FE998}.CD_ROM|Any CPU.ActiveCfg = CD_ROM
		{3CCA6A23-EE78-4E74-8BCE-DE68845FE998}.CD_ROM|Any CPU.Build.0 = CD_ROM
		{3CCA6A23-EE78-4E74-8BCE-DE68845FE998}.CD_ROM|Mixed Platforms.ActiveCfg = CD_ROM
		{3CCA6A23-EE78-4E74-8BCE-DE68845FE998}.CD_ROM|Mixed Platforms.Build.0 = CD_ROM
		{3CCA6A23-EE78-4E74-8BCE-DE68845FE998}.CD_ROM|x86.ActiveCfg = CD_ROM
		{3CCA6A23-EE78-4E74-8BCE-DE68845FE998}.CD_ROM|x86.Build.0 = CD_ROM
		{3CCA6A23-EE78-4E74-8BCE-DE68845FE998}.Debug|Any CPU.ActiveCfg = DVD-5
		{3CCA6A23-EE78-4E74-8BCE-DE68845FE998}.Debug|Any CPU.Build.0 = DVD-5
		{3CCA6A23-EE78-4E74-8BCE-DE68845FE998}.Debug|Mixed Platforms.ActiveCfg = DVD-5
		{3CCA6A23-EE78-4E74-8BCE-DE68845FE998}.Debug|Mixed Platforms.Build.0 = DVD-5
		{3CCA6A23-EE78-4E74-8BCE-DE68845FE998}.Debug|x86.ActiveCfg = DVD-5
		{3CCA6A23-EE78-4E74-8BCE-DE68845FE998}.Debug|x86.Build.0 = DVD-5
		{3CCA6A23-EE78-4E74-8BCE-DE68845FE998}.DVD-5|Any CPU.ActiveCfg = DVD-5
		{3CCA6A23-EE78-4E74-8BCE-DE68845FE998}.DVD-5|Any CPU.Build.0 = DVD-5
		{3CCA6A23-EE78-4E74-8BCE-DE68845FE998}.DVD-5|Mixed Platforms.ActiveCfg = DVD-5
		{3CCA6A23-EE78-4E74-8BCE-DE68845FE998}.DVD-5|Mixed Platforms.Build.0 = DVD-5
		{3CCA6A23-EE78-4E74-8BCE-DE68845FE998}.DVD-5|x86.ActiveCfg = DVD-5
		{3CCA6A23-EE78-4E74-8BCE-DE68845FE998}.DVD-5|x86.Build.0 = DVD-5
		{3CCA6A23-EE78-4E74-8BCE-DE68845FE998}.Release|Any CPU.ActiveCfg = SingleImage
		{3CCA6A23-EE78-4E74-8BCE-DE68845FE998}.Release|Any CPU.Build.0 = SingleImage
		{3CCA6A23-EE78-4E74-8BCE-DE68845FE998}.Release|Mixed Platforms.ActiveCfg = SingleImage
		{3CCA6A23-EE78-4E74-8BCE-DE68845FE998}.Release|Mixed Platforms.Build.0 = SingleImage
		{3CCA6A23-EE78-4E74-8BCE-DE68845FE998}.Release|x86.ActiveCfg = SingleImage
		{3CCA6A23-EE78-4E74-8BCE-DE68845FE998}.Release|x86.Build.0 = SingleImage
		{3CCA6A23-EE78-4E74-8BCE-DE68845FE998}.SingleImage|Any CPU.ActiveCfg = SingleImage
		{3CCA6A23-EE78-4E74-8BCE-DE68845FE998}.SingleImage|Any CPU.Build.0 = SingleImage
		{3CCA6A23-EE78-4E74-8BCE-DE68845FE998}.SingleImage|Mixed Platforms.ActiveCfg = SingleImage
		{3CCA6A23-EE78-4E74-8BCE-DE68845FE998}.SingleImage|Mixed Platforms.Build.0 = SingleImage
		{3CCA6A23-EE78-4E74-8BCE-DE68845FE998}.SingleImage|x86.ActiveCfg = SingleImage
		{3CCA6A23-EE78-4E74-8BCE-DE68845FE998}.SingleImage|x86.Build.0 = SingleImage
	EndGlobalSection
	GlobalSection(SolutionProperties) = preSolution
		HideSolutionNode = FALSE
	EndGlobalSection
EndGlobal
